
Microsoft Visual Studio Solution File, Format Version 12.00
# Visual Studio Version 17
VisualStudioVersion = 17.6.33815.320
MinimumVisualStudioVersion = 10.0.40219.1
Project("{FAE04EC0-301F-11D3-BF4B-00C04F79EFBC}") = "SL", "SL\SL.csproj", "{1F5A8AD0-98F8-4049-8AF6-72104C323487}"
EndProject
Project("{FAE04EC0-301F-11D3-BF4B-00C04F79EFBC}") = "DL", "DL\DL.csproj", "{C5DCFB6D-B547-449B-9D15-B2CFC0A9704D}"
EndProject
Project("{FAE04EC0-301F-11D3-BF4B-00C04F79EFBC}") = "BL", "BL\BL.csproj", "{C86D805A-7611-42F4-8DE7-3161F62576E0}"
EndProject
Project("{FAE04EC0-301F-11D3-BF4B-00C04F79EFBC}") = "ML", "ML\ML.csproj", "{4EB1A62D-CD1F-4DFA-B5BF-2C8F6378E561}"
EndProject
Project("{FAE04EC0-301F-11D3-BF4B-00C04F79EFBC}") = "UnitTestProject1", "UnitTestProject1\UnitTestProject1.csproj", "{55ECDE19-676B-478F-ABC4-0109385B8ABA}"
EndProject
Project("{FAE04EC0-301F-11D3-BF4B-00C04F79EFBC}") = "PL", "PL\PL.csproj", "{635C355A-632B-49CA-B0D2-0A219C0F85DA}"
EndProject
Global
	GlobalSection(SolutionConfigurationPlatforms) = preSolution
		Debug|Any CPU = Debug|Any CPU
		Release|Any CPU = Release|Any CPU
	EndGlobalSection
	GlobalSection(ProjectConfigurationPlatforms) = postSolution
		{1F5A8AD0-98F8-4049-8AF6-72104C323487}.Debug|Any CPU.ActiveCfg = Debug|Any CPU
		{1F5A8AD0-98F8-4049-8AF6-72104C323487}.Debug|Any CPU.Build.0 = Debug|Any CPU
		{1F5A8AD0-98F8-4049-8AF6-72104C323487}.Release|Any CPU.ActiveCfg = Release|Any CPU
		{1F5A8AD0-98F8-4049-8AF6-72104C323487}.Release|Any CPU.Build.0 = Release|Any CPU
		{C5DCFB6D-B547-449B-9D15-B2CFC0A9704D}.Debug|Any CPU.ActiveCfg = Debug|Any CPU
		{C5DCFB6D-B547-449B-9D15-B2CFC0A9704D}.Debug|Any CPU.Build.0 = Debug|Any CPU
		{C5DCFB6D-B547-449B-9D15-B2CFC0A9704D}.Release|Any CPU.ActiveCfg = Release|Any CPU
		{C5DCFB6D-B547-449B-9D15-B2CFC0A9704D}.Release|Any CPU.Build.0 = Release|Any CPU
		{C86D805A-7611-42F4-8DE7-3161F62576E0}.Debug|Any CPU.ActiveCfg = Debug|Any CPU
		{C86D805A-7611-42F4-8DE7-3161F62576E0}.Debug|Any CPU.Build.0 = Debug|Any CPU
		{C86D805A-7611-42F4-8DE7-3161F62576E0}.Release|Any CPU.ActiveCfg = Release|Any CPU
		{C86D805A-7611-42F4-8DE7-3161F62576E0}.Release|Any CPU.Build.0 = Release|Any CPU
		{4EB1A62D-CD1F-4DFA-B5BF-2C8F6378E561}.Debug|Any CPU.ActiveCfg = Debug|Any CPU
		{4EB1A62D-CD1F-4DFA-B5BF-2C8F6378E561}.Debug|Any CPU.Build.0 = Debug|Any CPU
		{4EB1A62D-CD1F-4DFA-B5BF-2C8F6378E561}.Release|Any CPU.ActiveCfg = Release|Any CPU
		{4EB1A62D-CD1F-4DFA-B5BF-2C8F6378E561}.Release|Any CPU.Build.0 = Release|Any CPU
		{55ECDE19-676B-478F-ABC4-0109385B8ABA}.Debug|Any CPU.ActiveCfg = Debug|Any CPU
		{55ECDE19-676B-478F-ABC4-0109385B8ABA}.Debug|Any CPU.Build.0 = Debug|Any CPU
		{55ECDE19-676B-478F-ABC4-0109385B8ABA}.Release|Any CPU.ActiveCfg = Release|Any CPU
		{55ECDE19-676B-478F-ABC4-0109385B8ABA}.Release|Any CPU.Build.0 = Release|Any CPU
		{635C355A-632B-49CA-B0D2-0A219C0F85DA}.Debug|Any CPU.ActiveCfg = Debug|Any CPU
		{635C355A-632B-49CA-B0D2-0A219C0F85DA}.Debug|Any CPU.Build.0 = Debug|Any CPU
		{635C355A-632B-49CA-B0D2-0A219C0F85DA}.Release|Any CPU.ActiveCfg = Release|Any CPU
		{635C355A-632B-49CA-B0D2-0A219C0F85DA}.Release|Any CPU.Build.0 = Release|Any CPU
	EndGlobalSection
	GlobalSection(SolutionProperties) = preSolution
		HideSolutionNode = FALSE
	EndGlobalSection
	GlobalSection(ExtensibilityGlobals) = postSolution
		SolutionGuid = {F51DC167-C28B-4D61-979B-D561B84C6BB3}
	EndGlobalSection
EndGlobal
